
Microsoft Visual Studio Solution File, Format Version 12.00
# Visual Studio Version 17
VisualStudioVersion = 17.5.33530.505
MinimumVisualStudioVersion = 10.0.40219.1
Project("{888888A0-9F3D-457C-B088-3A5042F75D52}") = "BMX055", "BMX055\BMX055.pyproj", "{23AE80C0-9068-4767-8DB0-29052D03D9E5}"
EndProject
Global
	GlobalSection(SolutionConfigurationPlatforms) = preSolution
		Debug|Any CPU = Debug|Any CPU
		Release|Any CPU = Release|Any CPU
	EndGlobalSection
	GlobalSection(ProjectConfigurationPlatforms) = postSolution
		{23AE80C0-9068-4767-8DB0-29052D03D9E5}.Debug|Any CPU.ActiveCfg = Debug|Any CPU
		{23AE80C0-9068-4767-8DB0-29052D03D9E5}.Release|Any CPU.ActiveCfg = Release|Any CPU
	EndGlobalSection
	GlobalSection(SolutionProperties) = preSolution
		HideSolutionNode = FALSE
	EndGlobalSection
	GlobalSection(ExtensibilityGlobals) = postSolution
		SolutionGuid = {F4734B4C-71FB-4B19-A470-74D8A93A0FD4}
	EndGlobalSection
EndGlobal
